
Microsoft Visual Studio Solution File, Format Version 12.00
# Visual Studio Version 17
VisualStudioVersion = 17.9.34622.214
MinimumVisualStudioVersion = 10.0.40219.1
Project("{FAE04EC0-301F-11D3-BF4B-00C04F79EFBC}") = "Notebook.API", "Notebook.API\Notebook.API.csproj", "{E8DFE9BC-E1F1-4725-8712-B2FDFEF12096}"
EndProject
Project("{FAE04EC0-301F-11D3-BF4B-00C04F79EFBC}") = "Notebook.Shared", "Notebook.Shared\Notebook.Shared.csproj", "{9D02DE71-6B5C-4629-9B5B-34C8382B69F8}"
EndProject
Project("{FAE04EC0-301F-11D3-BF4B-00C04F79EFBC}") = "Notebook.ConsoleUI", "Notebook.ConsoleUI\Notebook.ConsoleUI.csproj", "{9FFF7307-E9AA-4A05-A49F-2CB66C6696D2}"
EndProject
Global
	GlobalSection(SolutionConfigurationPlatforms) = preSolution
		Debug|Any CPU = Debug|Any CPU
		Release|Any CPU = Release|Any CPU
	EndGlobalSection
	GlobalSection(ProjectConfigurationPlatforms) = postSolution
		{E8DFE9BC-E1F1-4725-8712-B2FDFEF12096}.Debug|Any CPU.ActiveCfg = Debug|Any CPU
		{E8DFE9BC-E1F1-4725-8712-B2FDFEF12096}.Debug|Any CPU.Build.0 = Debug|Any CPU
		{E8DFE9BC-E1F1-4725-8712-B2FDFEF12096}.Release|Any CPU.ActiveCfg = Release|Any CPU
		{E8DFE9BC-E1F1-4725-8712-B2FDFEF12096}.Release|Any CPU.Build.0 = Release|Any CPU
		{9D02DE71-6B5C-4629-9B5B-34C8382B69F8}.Debug|Any CPU.ActiveCfg = Debug|Any CPU
		{9D02DE71-6B5C-4629-9B5B-34C8382B69F8}.Debug|Any CPU.Build.0 = Debug|Any CPU
		{9D02DE71-6B5C-4629-9B5B-34C8382B69F8}.Release|Any CPU.ActiveCfg = Release|Any CPU
		{9D02DE71-6B5C-4629-9B5B-34C8382B69F8}.Release|Any CPU.Build.0 = Release|Any CPU
		{9FFF7307-E9AA-4A05-A49F-2CB66C6696D2}.Debug|Any CPU.ActiveCfg = Debug|Any CPU
		{9FFF7307-E9AA-4A05-A49F-2CB66C6696D2}.Debug|Any CPU.Build.0 = Debug|Any CPU
		{9FFF7307-E9AA-4A05-A49F-2CB66C6696D2}.Release|Any CPU.ActiveCfg = Release|Any CPU
		{9FFF7307-E9AA-4A05-A49F-2CB66C6696D2}.Release|Any CPU.Build.0 = Release|Any CPU
	EndGlobalSection
	GlobalSection(SolutionProperties) = preSolution
		HideSolutionNode = FALSE
	EndGlobalSection
	GlobalSection(ExtensibilityGlobals) = postSolution
		SolutionGuid = {68161466-F534-467F-B56D-81FD87A00263}
	EndGlobalSection
EndGlobal
